
Microsoft Visual Studio Solution File, Format Version 11.00
# Visual Studio 2010
Project("{FAE04EC0-301F-11D3-BF4B-00C04F79EFBC}") = "AITank", "Assembly-CSharp-firstpass.csproj", "{2D7CA9E8-F8C7-2803-AA21-F8802C908E21}"
EndProject
Project("{FAE04EC0-301F-11D3-BF4B-00C04F79EFBC}") = "AITank", "Assembly-CSharp.csproj", "{4A01F6FB-C18B-CC54-6FA6-1FB4A939C784}"
EndProject
Project("{FAE04EC0-301F-11D3-BF4B-00C04F79EFBC}") = "AITank", "Assembly-CSharp-Editor-firstpass.csproj", "{8FCA6E29-6465-8020-AC40-1C470F2AE230}"
EndProject
Project("{FAE04EC0-301F-11D3-BF4B-00C04F79EFBC}") = "AITank", "Assembly-CSharp-Editor.csproj", "{695258CF-84B0-08C3-5DF6-3CB4EA2442BB}"
EndProject
Global
	GlobalSection(SolutionConfigurationPlatforms) = preSolution
		Debug|Any CPU = Debug|Any CPU
		Release|Any CPU = Release|Any CPU
	EndGlobalSection
	GlobalSection(ProjectConfigurationPlatforms) = postSolution
		{2D7CA9E8-F8C7-2803-AA21-F8802C908E21}.Debug|Any CPU.ActiveCfg = Debug|Any CPU
		{2D7CA9E8-F8C7-2803-AA21-F8802C908E21}.Debug|Any CPU.Build.0 = Debug|Any CPU
		{2D7CA9E8-F8C7-2803-AA21-F8802C908E21}.Release|Any CPU.ActiveCfg = Release|Any CPU
		{2D7CA9E8-F8C7-2803-AA21-F8802C908E21}.Release|Any CPU.Build.0 = Release|Any CPU
		{4A01F6FB-C18B-CC54-6FA6-1FB4A939C784}.Debug|Any CPU.ActiveCfg = Debug|Any CPU
		{4A01F6FB-C18B-CC54-6FA6-1FB4A939C784}.Debug|Any CPU.Build.0 = Debug|Any CPU
		{4A01F6FB-C18B-CC54-6FA6-1FB4A939C784}.Release|Any CPU.ActiveCfg = Release|Any CPU
		{4A01F6FB-C18B-CC54-6FA6-1FB4A939C784}.Release|Any CPU.Build.0 = Release|Any CPU
		{8FCA6E29-6465-8020-AC40-1C470F2AE230}.Debug|Any CPU.ActiveCfg = Debug|Any CPU
		{8FCA6E29-6465-8020-AC40-1C470F2AE230}.Debug|Any CPU.Build.0 = Debug|Any CPU
		{8FCA6E29-6465-8020-AC40-1C470F2AE230}.Release|Any CPU.ActiveCfg = Release|Any CPU
		{8FCA6E29-6465-8020-AC40-1C470F2AE230}.Release|Any CPU.Build.0 = Release|Any CPU
		{695258CF-84B0-08C3-5DF6-3CB4EA2442BB}.Debug|Any CPU.ActiveCfg = Debug|Any CPU
		{695258CF-84B0-08C3-5DF6-3CB4EA2442BB}.Debug|Any CPU.Build.0 = Debug|Any CPU
		{695258CF-84B0-08C3-5DF6-3CB4EA2442BB}.Release|Any CPU.ActiveCfg = Release|Any CPU
		{695258CF-84B0-08C3-5DF6-3CB4EA2442BB}.Release|Any CPU.Build.0 = Release|Any CPU
	EndGlobalSection
	GlobalSection(SolutionProperties) = preSolution
		HideSolutionNode = FALSE
	EndGlobalSection
	GlobalSection(MonoDevelopProperties) = preSolution
		StartupItem = Assembly-CSharp.csproj
	EndGlobalSection
EndGlobal
